{
  "object": {
    "pins": [
      {
        "package": "Alamofire",
        "repositoryURL": "https://github.com/Alamofire/Alamofire.git",
        "state": {
          "branch": null,
          "revision": "becd9a729a37bdbef5bc39dc3c702b99f9e3d046",
          "version": "5.2.2"
        }
      },
      {
        "package": "Promissum",
        "repositoryURL": "https://github.com/tomlokhorst/Promissum.git",
        "state": {
          "branch": null,
          "revision": "453bd72c6580cd0fd3e28708eab3619ef19e3539",
          "version": "6.0.0"
        }
      }
    ]
  },
  "version": 1
}
