{
  "object": {
    "pins": [
      {
        "package": "Alamofire",
        "repositoryURL": "https://github.com/Alamofire/Alamofire.git",
        "state": {
          "branch": null,
          "revision": "eaf6e622dd41b07b251d8f01752eab31bc811493",
          "version": "5.4.1"
        }
      },
      {
        "package": "Promissum",
        "repositoryURL": "https://github.com/tomlokhorst/Promissum.git",
        "state": {
          "branch": "6",
          "revision": "453bd72c6580cd0fd3e28708eab3619ef19e3539",
          "version": null
        }
      },
      {
        "package": "PromissumAlamofire",
        "repositoryURL": "/Users/tom/Projects/PromissumAlamofire",
        "state": {
          "branch": "develop",
          "revision": "a81963bca3af0764ee914c5ddd09527c51993c22",
          "version": null
        }
      }
    ]
  },
  "version": 1
}
